
Microsoft Visual Studio Solution File, Format Version 12.00
# Visual Studio Version 17
VisualStudioVersion = 17.0.31717.71
MinimumVisualStudioVersion = 10.0.40219.1
Project("{FAE04EC0-301F-11D3-BF4B-00C04F79EFBC}") = "LabTask-Product-Cart", "LabTask-Product-CRUD-Operation\LabTask-Product-Cart.csproj", "{CEADF9D0-4DE1-4096-8539-74EC6166E880}"
EndProject
Global
	GlobalSection(SolutionConfigurationPlatforms) = preSolution
		Debug|Any CPU = Debug|Any CPU
		Release|Any CPU = Release|Any CPU
	EndGlobalSection
	GlobalSection(ProjectConfigurationPlatforms) = postSolution
		{CEADF9D0-4DE1-4096-8539-74EC6166E880}.Debug|Any CPU.ActiveCfg = Debug|Any CPU
		{CEADF9D0-4DE1-4096-8539-74EC6166E880}.Debug|Any CPU.Build.0 = Debug|Any CPU
		{CEADF9D0-4DE1-4096-8539-74EC6166E880}.Release|Any CPU.ActiveCfg = Release|Any CPU
		{CEADF9D0-4DE1-4096-8539-74EC6166E880}.Release|Any CPU.Build.0 = Release|Any CPU
	EndGlobalSection
	GlobalSection(SolutionProperties) = preSolution
		HideSolutionNode = FALSE
	EndGlobalSection
	GlobalSection(ExtensibilityGlobals) = postSolution
		SolutionGuid = {A5EA82D3-CCC0-4507-B58B-83C7A065AF72}
	EndGlobalSection
EndGlobal
